
Microsoft Visual Studio Solution File, Format Version 12.00
# Visual Studio Version 17
VisualStudioVersion = 17.10.35013.160
MinimumVisualStudioVersion = 10.0.40219.1
Project("{9A19103F-16F7-4668-BE54-9A1E7A4F7556}") = "Blazornetrom", "Blazornetrom\Blazornetrom.csproj", "{6BF50339-2648-45D9-8991-F96044FCBFA3}"
EndProject
Global
	GlobalSection(SolutionConfigurationPlatforms) = preSolution
		Debug|Any CPU = Debug|Any CPU
		Release|Any CPU = Release|Any CPU
	EndGlobalSection
	GlobalSection(ProjectConfigurationPlatforms) = postSolution
		{6BF50339-2648-45D9-8991-F96044FCBFA3}.Debug|Any CPU.ActiveCfg = Debug|Any CPU
		{6BF50339-2648-45D9-8991-F96044FCBFA3}.Debug|Any CPU.Build.0 = Debug|Any CPU
		{6BF50339-2648-45D9-8991-F96044FCBFA3}.Release|Any CPU.ActiveCfg = Release|Any CPU
		{6BF50339-2648-45D9-8991-F96044FCBFA3}.Release|Any CPU.Build.0 = Release|Any CPU
	EndGlobalSection
	GlobalSection(SolutionProperties) = preSolution
		HideSolutionNode = FALSE
	EndGlobalSection
	GlobalSection(ExtensibilityGlobals) = postSolution
		SolutionGuid = {48F91D69-1A3F-48DA-8686-ADAC7F06A16B}
	EndGlobalSection
EndGlobal
